
Microsoft Visual Studio Solution File, Format Version 12.00
# Visual Studio Version 17
VisualStudioVersion = 17.4.33403.182
MinimumVisualStudioVersion = 10.0.40219.1
Project("{FAE04EC0-301F-11D3-BF4B-00C04F79EFBC}") = "Breakout", "Breakout\Breakout.csproj", "{22B00E97-5A33-40BD-B1CA-3E3A93623915}"
EndProject
Global
	GlobalSection(SolutionConfigurationPlatforms) = preSolution
		Debug|Any CPU = Debug|Any CPU
		Release|Any CPU = Release|Any CPU
	EndGlobalSection
	GlobalSection(ProjectConfigurationPlatforms) = postSolution
		{22B00E97-5A33-40BD-B1CA-3E3A93623915}.Debug|Any CPU.ActiveCfg = Debug|Any CPU
		{22B00E97-5A33-40BD-B1CA-3E3A93623915}.Debug|Any CPU.Build.0 = Debug|Any CPU
		{22B00E97-5A33-40BD-B1CA-3E3A93623915}.Release|Any CPU.ActiveCfg = Release|Any CPU
		{22B00E97-5A33-40BD-B1CA-3E3A93623915}.Release|Any CPU.Build.0 = Release|Any CPU
	EndGlobalSection
	GlobalSection(SolutionProperties) = preSolution
		HideSolutionNode = FALSE
	EndGlobalSection
	GlobalSection(ExtensibilityGlobals) = postSolution
		SolutionGuid = {19D5393E-64D2-481C-A6B2-39A5FA124325}
	EndGlobalSection
EndGlobal
